
Microsoft Visual Studio Solution File, Format Version 12.00
# Visual Studio Version 17
VisualStudioVersion = 17.14.36603.0 d17.14
MinimumVisualStudioVersion = 10.0.40219.1
Project("{FAE04EC0-301F-11D3-BF4B-00C04F79EFBC}") = "MedTrack_Projeto", "MedTrack_Projeto.csproj", "{20CCC458-18EC-4EF8-AC6D-8E053EBF2701}"
EndProject
Global
	GlobalSection(SolutionConfigurationPlatforms) = preSolution
		Debug|Any CPU = Debug|Any CPU
		Release|Any CPU = Release|Any CPU
	EndGlobalSection
	GlobalSection(ProjectConfigurationPlatforms) = postSolution
		{20CCC458-18EC-4EF8-AC6D-8E053EBF2701}.Debug|Any CPU.ActiveCfg = Debug|Any CPU
		{20CCC458-18EC-4EF8-AC6D-8E053EBF2701}.Debug|Any CPU.Build.0 = Debug|Any CPU
		{20CCC458-18EC-4EF8-AC6D-8E053EBF2701}.Release|Any CPU.ActiveCfg = Release|Any CPU
		{20CCC458-18EC-4EF8-AC6D-8E053EBF2701}.Release|Any CPU.Build.0 = Release|Any CPU
	EndGlobalSection
	GlobalSection(SolutionProperties) = preSolution
		HideSolutionNode = FALSE
	EndGlobalSection
	GlobalSection(ExtensibilityGlobals) = postSolution
		SolutionGuid = {B94E371F-05A6-4647-82D0-4D8127B15F6B}
	EndGlobalSection
EndGlobal
